
Microsoft Visual Studio Solution File, Format Version 12.00
# Visual Studio Version 16
VisualStudioVersion = 16.0.32228.343
MinimumVisualStudioVersion = 10.0.40219.1
Project("{FAE04EC0-301F-11D3-BF4B-00C04F79EFBC}") = "SCI1", "SCI1\SCI1.csproj", "{24EB408D-89B9-4945-A5EE-4FD0FE33279D}"
EndProject
Global
	GlobalSection(SolutionConfigurationPlatforms) = preSolution
		Debug|Any CPU = Debug|Any CPU
		Release|Any CPU = Release|Any CPU
	EndGlobalSection
	GlobalSection(ProjectConfigurationPlatforms) = postSolution
		{24EB408D-89B9-4945-A5EE-4FD0FE33279D}.Debug|Any CPU.ActiveCfg = Debug|Any CPU
		{24EB408D-89B9-4945-A5EE-4FD0FE33279D}.Debug|Any CPU.Build.0 = Debug|Any CPU
		{24EB408D-89B9-4945-A5EE-4FD0FE33279D}.Release|Any CPU.ActiveCfg = Release|Any CPU
		{24EB408D-89B9-4945-A5EE-4FD0FE33279D}.Release|Any CPU.Build.0 = Release|Any CPU
	EndGlobalSection
	GlobalSection(SolutionProperties) = preSolution
		HideSolutionNode = FALSE
	EndGlobalSection
	GlobalSection(ExtensibilityGlobals) = postSolution
		SolutionGuid = {F5022199-D6F1-4394-AA48-49AE772BB4B4}
	EndGlobalSection
EndGlobal
